
Microsoft Visual Studio Solution File, Format Version 12.00
# Visual Studio Version 17
VisualStudioVersion = 17.1.32210.238
MinimumVisualStudioVersion = 10.0.40219.1
Project("{9A19103F-16F7-4668-BE54-9A1E7A4F7556}") = "CodeFood.Data", "CodeFood.Data\CodeFood.Data.csproj", "{73EBE5A9-5EE1-4856-981C-563A5791C701}"
EndProject
Project("{9A19103F-16F7-4668-BE54-9A1E7A4F7556}") = "CodeFood.Repository", "CodeFood.Repository\CodeFood.Repository.csproj", "{F7C31E0E-02BA-4585-AF16-E420FC729308}"
EndProject
Project("{9A19103F-16F7-4668-BE54-9A1E7A4F7556}") = "CodeFood.Web", "CodeFood.Web\CodeFood.Web.csproj", "{34D1CD63-7282-4B5A-ABC3-FA5AC92C72E3}"
EndProject
Project("{9A19103F-16F7-4668-BE54-9A1E7A4F7556}") = "CodeFood.Service", "CodeFood.Service\CodeFood.Service.csproj", "{0D7AD268-3D90-43FC-A0D4-26550894EF7E}"
EndProject
Global
	GlobalSection(SolutionConfigurationPlatforms) = preSolution
		Debug|Any CPU = Debug|Any CPU
		Release|Any CPU = Release|Any CPU
	EndGlobalSection
	GlobalSection(ProjectConfigurationPlatforms) = postSolution
		{73EBE5A9-5EE1-4856-981C-563A5791C701}.Debug|Any CPU.ActiveCfg = Debug|Any CPU
		{73EBE5A9-5EE1-4856-981C-563A5791C701}.Debug|Any CPU.Build.0 = Debug|Any CPU
		{73EBE5A9-5EE1-4856-981C-563A5791C701}.Release|Any CPU.ActiveCfg = Release|Any CPU
		{73EBE5A9-5EE1-4856-981C-563A5791C701}.Release|Any CPU.Build.0 = Release|Any CPU
		{F7C31E0E-02BA-4585-AF16-E420FC729308}.Debug|Any CPU.ActiveCfg = Debug|Any CPU
		{F7C31E0E-02BA-4585-AF16-E420FC729308}.Debug|Any CPU.Build.0 = Debug|Any CPU
		{F7C31E0E-02BA-4585-AF16-E420FC729308}.Release|Any CPU.ActiveCfg = Release|Any CPU
		{F7C31E0E-02BA-4585-AF16-E420FC729308}.Release|Any CPU.Build.0 = Release|Any CPU
		{34D1CD63-7282-4B5A-ABC3-FA5AC92C72E3}.Debug|Any CPU.ActiveCfg = Debug|Any CPU
		{34D1CD63-7282-4B5A-ABC3-FA5AC92C72E3}.Debug|Any CPU.Build.0 = Debug|Any CPU
		{34D1CD63-7282-4B5A-ABC3-FA5AC92C72E3}.Release|Any CPU.ActiveCfg = Release|Any CPU
		{34D1CD63-7282-4B5A-ABC3-FA5AC92C72E3}.Release|Any CPU.Build.0 = Release|Any CPU
		{0D7AD268-3D90-43FC-A0D4-26550894EF7E}.Debug|Any CPU.ActiveCfg = Debug|Any CPU
		{0D7AD268-3D90-43FC-A0D4-26550894EF7E}.Debug|Any CPU.Build.0 = Debug|Any CPU
		{0D7AD268-3D90-43FC-A0D4-26550894EF7E}.Release|Any CPU.ActiveCfg = Release|Any CPU
		{0D7AD268-3D90-43FC-A0D4-26550894EF7E}.Release|Any CPU.Build.0 = Release|Any CPU
	EndGlobalSection
	GlobalSection(SolutionProperties) = preSolution
		HideSolutionNode = FALSE
	EndGlobalSection
	GlobalSection(ExtensibilityGlobals) = postSolution
		SolutionGuid = {7DC6138D-6CA0-440D-9D1F-8E248F225781}
	EndGlobalSection
EndGlobal
